
Microsoft Visual Studio Solution File, Format Version 12.00
# Visual Studio Version 17
VisualStudioVersion = 17.9.34728.123
MinimumVisualStudioVersion = 10.0.40219.1
Project("{8BC9CEB8-8B4A-11D0-8D11-00A0C91BC942}") = "Constantes", "Constantes.vcxproj", "{63C75809-D90F-47DA-B7FC-809D16A5AA21}"
EndProject
Global
	GlobalSection(SolutionConfigurationPlatforms) = preSolution
		Debug|x64 = Debug|x64
		Debug|x86 = Debug|x86
		Release|x64 = Release|x64
		Release|x86 = Release|x86
	EndGlobalSection
	GlobalSection(ProjectConfigurationPlatforms) = postSolution
		{63C75809-D90F-47DA-B7FC-809D16A5AA21}.Debug|x64.ActiveCfg = Debug|x64
		{63C75809-D90F-47DA-B7FC-809D16A5AA21}.Debug|x64.Build.0 = Debug|x64
		{63C75809-D90F-47DA-B7FC-809D16A5AA21}.Debug|x86.ActiveCfg = Debug|Win32
		{63C75809-D90F-47DA-B7FC-809D16A5AA21}.Debug|x86.Build.0 = Debug|Win32
		{63C75809-D90F-47DA-B7FC-809D16A5AA21}.Release|x64.ActiveCfg = Release|x64
		{63C75809-D90F-47DA-B7FC-809D16A5AA21}.Release|x64.Build.0 = Release|x64
		{63C75809-D90F-47DA-B7FC-809D16A5AA21}.Release|x86.ActiveCfg = Release|Win32
		{63C75809-D90F-47DA-B7FC-809D16A5AA21}.Release|x86.Build.0 = Release|Win32
	EndGlobalSection
	GlobalSection(SolutionProperties) = preSolution
		HideSolutionNode = FALSE
	EndGlobalSection
	GlobalSection(ExtensibilityGlobals) = postSolution
		SolutionGuid = {E097D8BC-CEDB-4C86-92A1-6E0AB28B4171}
	EndGlobalSection
EndGlobal
