
Microsoft Visual Studio Solution File, Format Version 12.00
# Visual Studio Version 17
VisualStudioVersion = 17.9.34728.123
MinimumVisualStudioVersion = 10.0.40219.1
Project("{8BC9CEB8-8B4A-11D0-8D11-00A0C91BC942}") = "ExibindoDataHora", "ExibindoDataHora.vcxproj", "{29CE13FF-6FB0-4A21-A577-404947A7BBB8}"
EndProject
Global
	GlobalSection(SolutionConfigurationPlatforms) = preSolution
		Debug|x64 = Debug|x64
		Debug|x86 = Debug|x86
		Release|x64 = Release|x64
		Release|x86 = Release|x86
	EndGlobalSection
	GlobalSection(ProjectConfigurationPlatforms) = postSolution
		{29CE13FF-6FB0-4A21-A577-404947A7BBB8}.Debug|x64.ActiveCfg = Debug|x64
		{29CE13FF-6FB0-4A21-A577-404947A7BBB8}.Debug|x64.Build.0 = Debug|x64
		{29CE13FF-6FB0-4A21-A577-404947A7BBB8}.Debug|x86.ActiveCfg = Debug|Win32
		{29CE13FF-6FB0-4A21-A577-404947A7BBB8}.Debug|x86.Build.0 = Debug|Win32
		{29CE13FF-6FB0-4A21-A577-404947A7BBB8}.Release|x64.ActiveCfg = Release|x64
		{29CE13FF-6FB0-4A21-A577-404947A7BBB8}.Release|x64.Build.0 = Release|x64
		{29CE13FF-6FB0-4A21-A577-404947A7BBB8}.Release|x86.ActiveCfg = Release|Win32
		{29CE13FF-6FB0-4A21-A577-404947A7BBB8}.Release|x86.Build.0 = Release|Win32
	EndGlobalSection
	GlobalSection(SolutionProperties) = preSolution
		HideSolutionNode = FALSE
	EndGlobalSection
	GlobalSection(ExtensibilityGlobals) = postSolution
		SolutionGuid = {2F40B94D-F8C3-4968-A261-F97A2B7A4024}
	EndGlobalSection
EndGlobal
